// !$*UTF8*$!
{
	archiveVersion = 1;
	classes = {
	};
	objectVersion = 50;
	objects = {

/* Begin PBXBuildFile section */
		48BC9B30981193B626C36F8A /* Pods_SampleWebAPI.framework in Frameworks */ = {isa = PBXBuildFile; fileRef = 0FD50303F8BEA27F34FAC61A /* Pods_SampleWebAPI.framework */; };
		A336F84D21E4BF54009D2313 /* MovieService.swift in Sources */ = {isa = PBXBuildFile; fileRef = A336F84C21E4BF54009D2313 /* MovieService.swift */; };
		A336F85021E4DC76009D2313 /* MovieListViewController.swift in Sources */ = {isa = PBXBuildFile; fileRef = A336F84E21E4DC76009D2313 /* MovieListViewController.swift */; };
		A336F85121E4DC76009D2313 /* MovieListViewController.xib in Resources */ = {isa = PBXBuildFile; fileRef = A336F84F21E4DC76009D2313 /* MovieListViewController.xib */; };
		A336F85421E4F64E009D2313 /* MovieTableViewCell.swift in Sources */ = {isa = PBXBuildFile; fileRef = A336F85221E4F64E009D2313 /* MovieTableViewCell.swift */; };
		A336F85521E4F64E009D2313 /* MovieTableViewCell.xib in Resources */ = {isa = PBXBuildFile; fileRef = A336F85321E4F64E009D2313 /* MovieTableViewCell.xib */; };
		A38DCCB0220090C9005072DA /* Localizable.strings in Resources */ = {isa = PBXBuildFile; fileRef = A38DCCB2220090C9005072DA /* Localizable.strings */; };
		A39B880E22005E9D00CF497D /* MovieDetailViewController.swift in Sources */ = {isa = PBXBuildFile; fileRef = A39B880C22005E9D00CF497D /* MovieDetailViewController.swift */; };
		A39B880F22005E9D00CF497D /* MovieDetailViewController.xib in Resources */ = {isa = PBXBuildFile; fileRef = A39B880D22005E9D00CF497D /* MovieDetailViewController.xib */; };
		A39B881522006B9C00CF497D /* NewMovieViewController.swift in Sources */ = {isa = PBXBuildFile; fileRef = A39B881322006B9C00CF497D /* NewMovieViewController.swift */; };
		A39B881622006B9C00CF497D /* NewMovieViewController.xib in Resources */ = {isa = PBXBuildFile; fileRef = A39B881422006B9C00CF497D /* NewMovieViewController.xib */; };
		A3A4F35F21BEA46E0048A2CC /* AppDelegate.swift in Sources */ = {isa = PBXBuildFile; fileRef = A3A4F35E21BEA46E0048A2CC /* AppDelegate.swift */; };
		A3A4F36621BEA4710048A2CC /* Assets.xcassets in Resources */ = {isa = PBXBuildFile; fileRef = A3A4F36521BEA4710048A2CC /* Assets.xcassets */; };
		A3A4F36921BEA4710048A2CC /* LaunchScreen.storyboard in Resources */ = {isa = PBXBuildFile; fileRef = A3A4F36721BEA4710048A2CC /* LaunchScreen.storyboard */; };
		A3A4F37521BEC1190048A2CC /* Movie.swift in Sources */ = {isa = PBXBuildFile; fileRef = A3A4F37421BEC1190048A2CC /* Movie.swift */; };
/* End PBXBuildFile section */

/* Begin PBXFileReference section */
		0FD50303F8BEA27F34FAC61A /* Pods_SampleWebAPI.framework */ = {isa = PBXFileReference; explicitFileType = wrapper.framework; includeInIndex = 0; path = Pods_SampleWebAPI.framework; sourceTree = BUILT_PRODUCTS_DIR; };
		63ACFD1CF718D8CF7F268A2D /* Pods-SampleWebAPI.release.xcconfig */ = {isa = PBXFileReference; includeInIndex = 1; lastKnownFileType = text.xcconfig; name = "Pods-SampleWebAPI.release.xcconfig"; path = "Target Support Files/Pods-SampleWebAPI/Pods-SampleWebAPI.release.xcconfig"; sourceTree = "<group>"; };
		A336F84C21E4BF54009D2313 /* MovieService.swift */ = {isa = PBXFileReference; lastKnownFileType = sourcecode.swift; path = MovieService.swift; sourceTree = "<group>"; };
		A336F84E21E4DC76009D2313 /* MovieListViewController.swift */ = {isa = PBXFileReference; lastKnownFileType = sourcecode.swift; path = MovieListViewController.swift; sourceTree = "<group>"; };
		A336F84F21E4DC76009D2313 /* MovieListViewController.xib */ = {isa = PBXFileReference; lastKnownFileType = file.xib; path = MovieListViewController.xib; sourceTree = "<group>"; };
		A336F85221E4F64E009D2313 /* MovieTableViewCell.swift */ = {isa = PBXFileReference; lastKnownFileType = sourcecode.swift; path = MovieTableViewCell.swift; sourceTree = "<group>"; };
		A336F85321E4F64E009D2313 /* MovieTableViewCell.xib */ = {isa = PBXFileReference; lastKnownFileType = file.xib; path = MovieTableViewCell.xib; sourceTree = "<group>"; };
		A38DCCB1220090C9005072DA /* en */ = {isa = PBXFileReference; lastKnownFileType = text.plist.strings; name = en; path = en.lproj/Localizable.strings; sourceTree = "<group>"; };
		A38DCCB3220090FD005072DA /* fr */ = {isa = PBXFileReference; lastKnownFileType = text.plist.strings; name = fr; path = fr.lproj/Localizable.strings; sourceTree = "<group>"; };
		A39B880C22005E9D00CF497D /* MovieDetailViewController.swift */ = {isa = PBXFileReference; lastKnownFileType = sourcecode.swift; path = MovieDetailViewController.swift; sourceTree = "<group>"; };
		A39B880D22005E9D00CF497D /* MovieDetailViewController.xib */ = {isa = PBXFileReference; lastKnownFileType = file.xib; path = MovieDetailViewController.xib; sourceTree = "<group>"; };
		A39B881322006B9C00CF497D /* NewMovieViewController.swift */ = {isa = PBXFileReference; lastKnownFileType = sourcecode.swift; path = NewMovieViewController.swift; sourceTree = "<group>"; };
		A39B881422006B9C00CF497D /* NewMovieViewController.xib */ = {isa = PBXFileReference; lastKnownFileType = file.xib; path = NewMovieViewController.xib; sourceTree = "<group>"; };
		A3A4F35B21BEA46E0048A2CC /* SampleWebAPI.app */ = {isa = PBXFileReference; explicitFileType = wrapper.application; includeInIndex = 0; path = SampleWebAPI.app; sourceTree = BUILT_PRODUCTS_DIR; };
		A3A4F35E21BEA46E0048A2CC /* AppDelegate.swift */ = {isa = PBXFileReference; lastKnownFileType = sourcecode.swift; path = AppDelegate.swift; sourceTree = "<group>"; };
		A3A4F36521BEA4710048A2CC /* Assets.xcassets */ = {isa = PBXFileReference; lastKnownFileType = folder.assetcatalog; path = Assets.xcassets; sourceTree = "<group>"; };
		A3A4F36821BEA4710048A2CC /* Base */ = {isa = PBXFileReference; lastKnownFileType = file.storyboard; name = Base; path = Base.lproj/LaunchScreen.storyboard; sourceTree = "<group>"; };
		A3A4F36A21BEA4710048A2CC /* Info.plist */ = {isa = PBXFileReference; lastKnownFileType = text.plist.xml; path = Info.plist; sourceTree = "<group>"; };
		A3A4F37421BEC1190048A2CC /* Movie.swift */ = {isa = PBXFileReference; lastKnownFileType = sourcecode.swift; path = Movie.swift; sourceTree = "<group>"; };
		B871A801E9E3A471C111568B /* Pods-SampleWebAPI.debug.xcconfig */ = {isa = PBXFileReference; includeInIndex = 1; lastKnownFileType = text.xcconfig; name = "Pods-SampleWebAPI.debug.xcconfig"; path = "Target Support Files/Pods-SampleWebAPI/Pods-SampleWebAPI.debug.xcconfig"; sourceTree = "<group>"; };
/* End PBXFileReference section */

/* Begin PBXFrameworksBuildPhase section */
		A3A4F35821BEA46E0048A2CC /* Frameworks */ = {
			isa = PBXFrameworksBuildPhase;
			buildActionMask = 2147483647;
			files = (
				48BC9B30981193B626C36F8A /* Pods_SampleWebAPI.framework in Frameworks */,
			);
			runOnlyForDeploymentPostprocessing = 0;
		};
/* End PBXFrameworksBuildPhase section */

/* Begin PBXGroup section */
		2DD2AD3B53880D85F755321A /* Frameworks */ = {
			isa = PBXGroup;
			children = (
				0FD50303F8BEA27F34FAC61A /* Pods_SampleWebAPI.framework */,
			);
			name = Frameworks;
			sourceTree = "<group>";
		};
		A336F84A21E4BF1B009D2313 /* Models */ = {
			isa = PBXGroup;
			children = (
				A3A4F37421BEC1190048A2CC /* Movie.swift */,
			);
			path = Models;
			sourceTree = "<group>";
		};
		A336F84B21E4BF22009D2313 /* Services */ = {
			isa = PBXGroup;
			children = (
				A336F84C21E4BF54009D2313 /* MovieService.swift */,
			);
			path = Services;
			sourceTree = "<group>";
		};
		A39B88102200691D00CF497D /* Scenes */ = {
			isa = PBXGroup;
			children = (
				A39B88122200693400CF497D /* Movies */,
			);
			path = Scenes;
			sourceTree = "<group>";
		};
		A39B88122200693400CF497D /* Movies */ = {
			isa = PBXGroup;
			children = (
				A336F84E21E4DC76009D2313 /* MovieListViewController.swift */,
				A336F84F21E4DC76009D2313 /* MovieListViewController.xib */,
				A336F85221E4F64E009D2313 /* MovieTableViewCell.swift */,
				A336F85321E4F64E009D2313 /* MovieTableViewCell.xib */,
				A39B880C22005E9D00CF497D /* MovieDetailViewController.swift */,
				A39B880D22005E9D00CF497D /* MovieDetailViewController.xib */,
				A39B881322006B9C00CF497D /* NewMovieViewController.swift */,
				A39B881422006B9C00CF497D /* NewMovieViewController.xib */,
			);
			path = Movies;
			sourceTree = "<group>";
		};
		A3A4F35221BEA46E0048A2CC = {
			isa = PBXGroup;
			children = (
				A3A4F35D21BEA46E0048A2CC /* SampleWebAPI */,
				A3A4F35C21BEA46E0048A2CC /* Products */,
				B8B7AE2210163A16CCF7E363 /* Pods */,
				2DD2AD3B53880D85F755321A /* Frameworks */,
			);
			sourceTree = "<group>";
		};
		A3A4F35C21BEA46E0048A2CC /* Products */ = {
			isa = PBXGroup;
			children = (
				A3A4F35B21BEA46E0048A2CC /* SampleWebAPI.app */,
			);
			name = Products;
			sourceTree = "<group>";
		};
		A3A4F35D21BEA46E0048A2CC /* SampleWebAPI */ = {
			isa = PBXGroup;
			children = (
				A3A4F35E21BEA46E0048A2CC /* AppDelegate.swift */,
				A336F84B21E4BF22009D2313 /* Services */,
				A336F84A21E4BF1B009D2313 /* Models */,
				A39B88102200691D00CF497D /* Scenes */,
				A3A4F36521BEA4710048A2CC /* Assets.xcassets */,
				A3A4F36721BEA4710048A2CC /* LaunchScreen.storyboard */,
				A3A4F36A21BEA4710048A2CC /* Info.plist */,
				A38DCCB2220090C9005072DA /* Localizable.strings */,
			);
			path = SampleWebAPI;
			sourceTree = "<group>";
		};
		B8B7AE2210163A16CCF7E363 /* Pods */ = {
			isa = PBXGroup;
			children = (
				B871A801E9E3A471C111568B /* Pods-SampleWebAPI.debug.xcconfig */,
				63ACFD1CF718D8CF7F268A2D /* Pods-SampleWebAPI.release.xcconfig */,
			);
			path = Pods;
			sourceTree = "<group>";
		};
/* End PBXGroup section */

/* Begin PBXNativeTarget section */
		A3A4F35A21BEA46E0048A2CC /* SampleWebAPI */ = {
			isa = PBXNativeTarget;
			buildConfigurationList = A3A4F36D21BEA4710048A2CC /* Build configuration list for PBXNativeTarget "SampleWebAPI" */;
			buildPhases = (
				C6CCB6DDD34F2AE2CE43F5D6 /* [CP] Check Pods Manifest.lock */,
				A3A4F35721BEA46E0048A2CC /* Sources */,
				A3A4F35821BEA46E0048A2CC /* Frameworks */,
				A3A4F35921BEA46E0048A2CC /* Resources */,
				586F450CC7AA407A27FA4469 /* [CP] Embed Pods Frameworks */,
			);
			buildRules = (
			);
			dependencies = (
			);
			name = SampleWebAPI;
			productName = SampleWebAPI;
			productReference = A3A4F35B21BEA46E0048A2CC /* SampleWebAPI.app */;
			productType = "com.apple.product-type.application";
		};
/* End PBXNativeTarget section */

/* Begin PBXProject section */
		A3A4F35321BEA46E0048A2CC /* Project object */ = {
			isa = PBXProject;
			attributes = {
				LastSwiftUpdateCheck = 1010;
				LastUpgradeCheck = 1010;
				ORGANIZATIONNAME = Digipolitan;
				TargetAttributes = {
					A3A4F35A21BEA46E0048A2CC = {
						CreatedOnToolsVersion = 10.1;
					};
				};
			};
			buildConfigurationList = A3A4F35621BEA46E0048A2CC /* Build configuration list for PBXProject "SampleWebAPI" */;
			compatibilityVersion = "Xcode 9.3";
			developmentRegion = en;
			hasScannedForEncodings = 0;
			knownRegions = (
				en,
				Base,
				fr,
			);
			mainGroup = A3A4F35221BEA46E0048A2CC;
			productRefGroup = A3A4F35C21BEA46E0048A2CC /* Products */;
			projectDirPath = "";
			projectRoot = "";
			targets = (
				A3A4F35A21BEA46E0048A2CC /* SampleWebAPI */,
			);
		};
/* End PBXProject section */

/* Begin PBXResourcesBuildPhase section */
		A3A4F35921BEA46E0048A2CC /* Resources */ = {
			isa = PBXResourcesBuildPhase;
			buildActionMask = 2147483647;
			files = (
				A39B880F22005E9D00CF497D /* MovieDetailViewController.xib in Resources */,
				A39B881622006B9C00CF497D /* NewMovieViewController.xib in Resources */,
				A3A4F36921BEA4710048A2CC /* LaunchScreen.storyboard in Resources */,
				A336F85521E4F64E009D2313 /* MovieTableViewCell.xib in Resources */,
				A3A4F36621BEA4710048A2CC /* Assets.xcassets in Resources */,
				A38DCCB0220090C9005072DA /* Localizable.strings in Resources */,
				A336F85121E4DC76009D2313 /* MovieListViewController.xib in Resources */,
			);
			runOnlyForDeploymentPostprocessing = 0;
		};
/* End PBXResourcesBuildPhase section */

/* Begin PBXShellScriptBuildPhase section */
		586F450CC7AA407A27FA4469 /* [CP] Embed Pods Frameworks */ = {
			isa = PBXShellScriptBuildPhase;
			buildActionMask = 2147483647;
			files = (
			);
			inputFileListPaths = (
			);
			inputPaths = (
				"${PODS_ROOT}/Target Support Files/Pods-SampleWebAPI/Pods-SampleWebAPI-frameworks.sh",
				"${BUILT_PRODUCTS_DIR}/Alamofire/Alamofire.framework",
				"${BUILT_PRODUCTS_DIR}/ObjectMapper/ObjectMapper.framework",
			);
			name = "[CP] Embed Pods Frameworks";
			outputFileListPaths = (
			);
			outputPaths = (
				"${TARGET_BUILD_DIR}/${FRAMEWORKS_FOLDER_PATH}/Alamofire.framework",
				"${TARGET_BUILD_DIR}/${FRAMEWORKS_FOLDER_PATH}/ObjectMapper.framework",
			);
			runOnlyForDeploymentPostprocessing = 0;
			shellPath = /bin/sh;
			shellScript = "\"${PODS_ROOT}/Target Support Files/Pods-SampleWebAPI/Pods-SampleWebAPI-frameworks.sh\"\n";
			showEnvVarsInLog = 0;
		};
		C6CCB6DDD34F2AE2CE43F5D6 /* [CP] Check Pods Manifest.lock */ = {
			isa = PBXShellScriptBuildPhase;
			buildActionMask = 2147483647;
			files = (
			);
			inputFileListPaths = (
			);
			inputPaths = (
				"${PODS_PODFILE_DIR_PATH}/Podfile.lock",
				"${PODS_ROOT}/Manifest.lock",
			);
			name = "[CP] Check Pods Manifest.lock";
			outputFileListPaths = (
			);
			outputPaths = (
				"$(DERIVED_FILE_DIR)/Pods-SampleWebAPI-checkManifestLockResult.txt",
			);
			runOnlyForDeploymentPostprocessing = 0;
			shellPath = /bin/sh;
			shellScript = "diff \"${PODS_PODFILE_DIR_PATH}/Podfile.lock\" \"${PODS_ROOT}/Manifest.lock\" > /dev/null\nif [ $? != 0 ] ; then\n    # print error to STDERR\n    echo \"error: The sandbox is not in sync with the Podfile.lock. Run 'pod install' or update your CocoaPods installation.\" >&2\n    exit 1\nfi\n# This output is used by Xcode 'outputs' to avoid re-running this script phase.\necho \"SUCCESS\" > \"${SCRIPT_OUTPUT_FILE_0}\"\n";
			showEnvVarsInLog = 0;
		};
/* End PBXShellScriptBuildPhase section */

/* Begin PBXSourcesBuildPhase section */
		A3A4F35721BEA46E0048A2CC /* Sources */ = {
			isa = PBXSourcesBuildPhase;
			buildActionMask = 2147483647;
			files = (
				A39B881522006B9C00CF497D /* NewMovieViewController.swift in Sources */,
				A3A4F35F21BEA46E0048A2CC /* AppDelegate.swift in Sources */,
				A336F85021E4DC76009D2313 /* MovieListViewController.swift in Sources */,
				A336F85421E4F64E009D2313 /* MovieTableViewCell.swift in Sources */,
				A39B880E22005E9D00CF497D /* MovieDetailViewController.swift in Sources */,
				A336F84D21E4BF54009D2313 /* MovieService.swift in Sources */,
				A3A4F37521BEC1190048A2CC /* Movie.swift in Sources */,
			);
			runOnlyForDeploymentPostprocessing = 0;
		};
/* End PBXSourcesBuildPhase section */

/* Begin PBXVariantGroup section */
		A38DCCB2220090C9005072DA /* Localizable.strings */ = {
			isa = PBXVariantGroup;
			children = (
				A38DCCB1220090C9005072DA /* en */,
				A38DCCB3220090FD005072DA /* fr */,
			);
			name = Localizable.strings;
			sourceTree = "<group>";
		};
		A3A4F36721BEA4710048A2CC /* LaunchScreen.storyboard */ = {
			isa = PBXVariantGroup;
			children = (
				A3A4F36821BEA4710048A2CC /* Base */,
			);
			name = LaunchScreen.storyboard;
			sourceTree = "<group>";
		};
/* End PBXVariantGroup section */

/* Begin XCBuildConfiguration section */
		A3A4F36B21BEA4710048A2CC /* Debug */ = {
			isa = XCBuildConfiguration;
			buildSettings = {
				ALWAYS_SEARCH_USER_PATHS = NO;
				CLANG_ANALYZER_LOCALIZABILITY_NONLOCALIZED = YES;
				CLANG_ANALYZER_NONNULL = YES;
				CLANG_ANALYZER_NUMBER_OBJECT_CONVERSION = YES_AGGRESSIVE;
				CLANG_CXX_LANGUAGE_STANDARD = "gnu++14";
				CLANG_CXX_LIBRARY = "libc++";
				CLANG_ENABLE_MODULES = YES;
				CLANG_ENABLE_OBJC_ARC = YES;
				CLANG_ENABLE_OBJC_WEAK = YES;
				CLANG_WARN_BLOCK_CAPTURE_AUTORELEASING = YES;
				CLANG_WARN_BOOL_CONVERSION = YES;
				CLANG_WARN_COMMA = YES;
				CLANG_WARN_CONSTANT_CONVERSION = YES;
				CLANG_WARN_DEPRECATED_OBJC_IMPLEMENTATIONS = YES;
				CLANG_WARN_DIRECT_OBJC_ISA_USAGE = YES_ERROR;
				CLANG_WARN_DOCUMENTATION_COMMENTS = YES;
				CLANG_WARN_EMPTY_BODY = YES;
				CLANG_WARN_ENUM_CONVERSION = YES;
				CLANG_WARN_INFINITE_RECURSION = YES;
				CLANG_WARN_INT_CONVERSION = YES;
				CLANG_WARN_NON_LITERAL_NULL_CONVERSION = YES;
				CLANG_WARN_OBJC_IMPLICIT_RETAIN_SELF = YES;
				CLANG_WARN_OBJC_LITERAL_CONVERSION = YES;
				CLANG_WARN_OBJC_ROOT_CLASS = YES_ERROR;
				CLANG_WARN_RANGE_LOOP_ANALYSIS = YES;
				CLANG_WARN_STRICT_PROTOTYPES = YES;
				CLANG_WARN_SUSPICIOUS_MOVE = YES;
				CLANG_WARN_UNGUARDED_AVAILABILITY = YES_AGGRESSIVE;
				CLANG_WARN_UNREACHABLE_CODE = YES;
				CLANG_WARN__DUPLICATE_METHOD_MATCH = YES;
				CODE_SIGN_IDENTITY = "iPhone Developer";
				COPY_PHASE_STRIP = NO;
				DEBUG_INFORMATION_FORMAT = dwarf;
				ENABLE_STRICT_OBJC_MSGSEND = YES;
				ENABLE_TESTABILITY = YES;
				GCC_C_LANGUAGE_STANDARD = gnu11;
				GCC_DYNAMIC_NO_PIC = NO;
				GCC_NO_COMMON_BLOCKS = YES;
				GCC_OPTIMIZATION_LEVEL = 0;
				GCC_PREPROCESSOR_DEFINITIONS = (
					"DEBUG=1",
					"$(inherited)",
				);
				GCC_WARN_64_TO_32_BIT_CONVERSION = YES;
				GCC_WARN_ABOUT_RETURN_TYPE = YES_ERROR;
				GCC_WARN_UNDECLARED_SELECTOR = YES;
				GCC_WARN_UNINITIALIZED_AUTOS = YES_AGGRESSIVE;
				GCC_WARN_UNUSED_FUNCTION = YES;
				GCC_WARN_UNUSED_VARIABLE = YES;
				IPHONEOS_DEPLOYMENT_TARGET = 12.1;
				MTL_ENABLE_DEBUG_INFO = INCLUDE_SOURCE;
				MTL_FAST_MATH = YES;
				ONLY_ACTIVE_ARCH = YES;
				SDKROOT = iphoneos;
				SWIFT_ACTIVE_COMPILATION_CONDITIONS = DEBUG;
				SWIFT_OPTIMIZATION_LEVEL = "-Onone";
			};
			name = Debug;
		};
		A3A4F36C21BEA4710048A2CC /* Release */ = {
			isa = XCBuildConfiguration;
			buildSettings = {
				ALWAYS_SEARCH_USER_PATHS = NO;
				CLANG_ANALYZER_LOCALIZABILITY_NONLOCALIZED = YES;
				CLANG_ANALYZER_NONNULL = YES;
				CLANG_ANALYZER_NUMBER_OBJECT_CONVERSION = YES_AGGRESSIVE;
				CLANG_CXX_LANGUAGE_STANDARD = "gnu++14";
				CLANG_CXX_LIBRARY = "libc++";
				CLANG_ENABLE_MODULES = YES;
				CLANG_ENABLE_OBJC_ARC = YES;
				CLANG_ENABLE_OBJC_WEAK = YES;
				CLANG_WARN_BLOCK_CAPTURE_AUTORELEASING = YES;
				CLANG_WARN_BOOL_CONVERSION = YES;
				CLANG_WARN_COMMA = YES;
				CLANG_WARN_CONSTANT_CONVERSION = YES;
				CLANG_WARN_DEPRECATED_OBJC_IMPLEMENTATIONS = YES;
				CLANG_WARN_DIRECT_OBJC_ISA_USAGE = YES_ERROR;
				CLANG_WARN_DOCUMENTATION_COMMENTS = YES;
				CLANG_WARN_EMPTY_BODY = YES;
				CLANG_WARN_ENUM_CONVERSION = YES;
				CLANG_WARN_INFINITE_RECURSION = YES;
				CLANG_WARN_INT_CONVERSION = YES;
				CLANG_WARN_NON_LITERAL_NULL_CONVERSION = YES;
				CLANG_WARN_OBJC_IMPLICIT_RETAIN_SELF = YES;
				CLANG_WARN_OBJC_LITERAL_CONVERSION = YES;
				CLANG_WARN_OBJC_ROOT_CLASS = YES_ERROR;
				CLANG_WARN_RANGE_LOOP_ANALYSIS = YES;
				CLANG_WARN_STRICT_PROTOTYPES = YES;
				CLANG_WARN_SUSPICIOUS_MOVE = YES;
				CLANG_WARN_UNGUARDED_AVAILABILITY = YES_AGGRESSIVE;
				CLANG_WARN_UNREACHABLE_CODE = YES;
				CLANG_WARN__DUPLICATE_METHOD_MATCH = YES;
				CODE_SIGN_IDENTITY = "iPhone Developer";
				COPY_PHASE_STRIP = NO;
				DEBUG_INFORMATION_FORMAT = "dwarf-with-dsym";
				ENABLE_NS_ASSERTIONS = NO;
				ENABLE_STRICT_OBJC_MSGSEND = YES;
				GCC_C_LANGUAGE_STANDARD = gnu11;
				GCC_NO_COMMON_BLOCKS = YES;
				GCC_WARN_64_TO_32_BIT_CONVERSION = YES;
				GCC_WARN_ABOUT_RETURN_TYPE = YES_ERROR;
				GCC_WARN_UNDECLARED_SELECTOR = YES;
				GCC_WARN_UNINITIALIZED_AUTOS = YES_AGGRESSIVE;
				GCC_WARN_UNUSED_FUNCTION = YES;
				GCC_WARN_UNUSED_VARIABLE = YES;
				IPHONEOS_DEPLOYMENT_TARGET = 12.1;
				MTL_ENABLE_DEBUG_INFO = NO;
				MTL_FAST_MATH = YES;
				SDKROOT = iphoneos;
				SWIFT_COMPILATION_MODE = wholemodule;
				SWIFT_OPTIMIZATION_LEVEL = "-O";
				VALIDATE_PRODUCT = YES;
			};
			name = Release;
		};
		A3A4F36E21BEA4710048A2CC /* Debug */ = {
			isa = XCBuildConfiguration;
			baseConfigurationReference = B871A801E9E3A471C111568B /* Pods-SampleWebAPI.debug.xcconfig */;
			buildSettings = {
				ASSETCATALOG_COMPILER_APPICON_NAME = AppIcon;
				CODE_SIGN_STYLE = Automatic;
				DEVELOPMENT_TEAM = 582762VK3P;
				INFOPLIST_FILE = SampleWebAPI/Info.plist;
				LD_RUNPATH_SEARCH_PATHS = (
					"$(inherited)",
					"@executable_path/Frameworks",
				);
				PRODUCT_BUNDLE_IDENTIFIER = com.digipolitan.SampleWebAPI;
				PRODUCT_NAME = "$(TARGET_NAME)";
				SWIFT_VERSION = 4.2;
				TARGETED_DEVICE_FAMILY = "1,2";
			};
			name = Debug;
		};
		A3A4F36F21BEA4710048A2CC /* Release */ = {
			isa = XCBuildConfiguration;
			baseConfigurationReference = 63ACFD1CF718D8CF7F268A2D /* Pods-SampleWebAPI.release.xcconfig */;
			buildSettings = {
				ASSETCATALOG_COMPILER_APPICON_NAME = AppIcon;
				CODE_SIGN_STYLE = Automatic;
				DEVELOPMENT_TEAM = 582762VK3P;
				INFOPLIST_FILE = SampleWebAPI/Info.plist;
				LD_RUNPATH_SEARCH_PATHS = (
					"$(inherited)",
					"@executable_path/Frameworks",
				);
				PRODUCT_BUNDLE_IDENTIFIER = com.digipolitan.SampleWebAPI;
				PRODUCT_NAME = "$(TARGET_NAME)";
				SWIFT_VERSION = 4.2;
				TARGETED_DEVICE_FAMILY = "1,2";
			};
			name = Release;
		};
/* End XCBuildConfiguration section */

/* Begin XCConfigurationList section */
		A3A4F35621BEA46E0048A2CC /* Build configuration list for PBXProject "SampleWebAPI" */ = {
			isa = XCConfigurationList;
			buildConfigurations = (
				A3A4F36B21BEA4710048A2CC /* Debug */,
				A3A4F36C21BEA4710048A2CC /* Release */,
			);
			defaultConfigurationIsVisible = 0;
			defaultConfigurationName = Release;
		};
		A3A4F36D21BEA4710048A2CC /* Build configuration list for PBXNativeTarget "SampleWebAPI" */ = {
			isa = XCConfigurationList;
			buildConfigurations = (
				A3A4F36E21BEA4710048A2CC /* Debug */,
				A3A4F36F21BEA4710048A2CC /* Release */,
			);
			defaultConfigurationIsVisible = 0;
			defaultConfigurationName = Release;
		};
/* End XCConfigurationList section */
	};
	rootObject = A3A4F35321BEA46E0048A2CC /* Project object */;
}
